
Microsoft Visual Studio Solution File, Format Version 12.00
# Visual Studio Version 16
VisualStudioVersion = 16.0.30907.101
MinimumVisualStudioVersion = 10.0.40219.1
Project("{FAE04EC0-301F-11D3-BF4B-00C04F79EFBC}") = "PDUManagment", "PDUManagment\PDUManagment.csproj", "{F164FE40-2804-4B1F-A1C2-D799489207E9}"
EndProject
Global
	GlobalSection(SolutionConfigurationPlatforms) = preSolution
		Debug|Any CPU = Debug|Any CPU
		Release|Any CPU = Release|Any CPU
	EndGlobalSection
	GlobalSection(ProjectConfigurationPlatforms) = postSolution
		{F164FE40-2804-4B1F-A1C2-D799489207E9}.Debug|Any CPU.ActiveCfg = Debug|Any CPU
		{F164FE40-2804-4B1F-A1C2-D799489207E9}.Debug|Any CPU.Build.0 = Debug|Any CPU
		{F164FE40-2804-4B1F-A1C2-D799489207E9}.Release|Any CPU.ActiveCfg = Release|Any CPU
		{F164FE40-2804-4B1F-A1C2-D799489207E9}.Release|Any CPU.Build.0 = Release|Any CPU
	EndGlobalSection
	GlobalSection(SolutionProperties) = preSolution
		HideSolutionNode = FALSE
	EndGlobalSection
	GlobalSection(ExtensibilityGlobals) = postSolution
		SolutionGuid = {2B5856FE-CDDF-4FE8-AB75-22302870A5D9}
	EndGlobalSection
EndGlobal
